
Microsoft Visual Studio Solution File, Format Version 12.00
# Visual Studio Version 16
VisualStudioVersion = 16.0.31911.196
MinimumVisualStudioVersion = 10.0.40219.1
Project("{FAE04EC0-301F-11D3-BF4B-00C04F79EFBC}") = "WebSiteHTMLAssignment", "WebSiteHTMLAssignment\WebSiteHTMLAssignment.csproj", "{EBCF8396-5D9A-49AE-8967-834A840FE085}"
EndProject
Global
	GlobalSection(SolutionConfigurationPlatforms) = preSolution
		Debug|Any CPU = Debug|Any CPU
		Release|Any CPU = Release|Any CPU
	EndGlobalSection
	GlobalSection(ProjectConfigurationPlatforms) = postSolution
		{EBCF8396-5D9A-49AE-8967-834A840FE085}.Debug|Any CPU.ActiveCfg = Debug|Any CPU
		{EBCF8396-5D9A-49AE-8967-834A840FE085}.Debug|Any CPU.Build.0 = Debug|Any CPU
		{EBCF8396-5D9A-49AE-8967-834A840FE085}.Release|Any CPU.ActiveCfg = Release|Any CPU
		{EBCF8396-5D9A-49AE-8967-834A840FE085}.Release|Any CPU.Build.0 = Release|Any CPU
	EndGlobalSection
	GlobalSection(SolutionProperties) = preSolution
		HideSolutionNode = FALSE
	EndGlobalSection
	GlobalSection(ExtensibilityGlobals) = postSolution
		SolutionGuid = {204BD350-DDF6-4203-BB02-388F8E24F79D}
	EndGlobalSection
EndGlobal
